
Microsoft Visual Studio Solution File, Format Version 12.00
# Visual Studio Version 16
VisualStudioVersion = 16.0.31402.337
MinimumVisualStudioVersion = 10.0.40219.1
Project("{FAE04EC0-301F-11D3-BF4B-00C04F79EFBC}") = "SerialPortDataEmulatorConsole", "SerialPortDataEmulatorConsole\SerialPortDataEmulatorConsole.csproj", "{7412C00B-34AB-4284-A50B-CD83E7A358CE}"
EndProject
Global
	GlobalSection(SolutionConfigurationPlatforms) = preSolution
		Debug|Any CPU = Debug|Any CPU
		Release|Any CPU = Release|Any CPU
	EndGlobalSection
	GlobalSection(ProjectConfigurationPlatforms) = postSolution
		{7412C00B-34AB-4284-A50B-CD83E7A358CE}.Debug|Any CPU.ActiveCfg = Debug|Any CPU
		{7412C00B-34AB-4284-A50B-CD83E7A358CE}.Debug|Any CPU.Build.0 = Debug|Any CPU
		{7412C00B-34AB-4284-A50B-CD83E7A358CE}.Release|Any CPU.ActiveCfg = Release|Any CPU
		{7412C00B-34AB-4284-A50B-CD83E7A358CE}.Release|Any CPU.Build.0 = Release|Any CPU
	EndGlobalSection
	GlobalSection(SolutionProperties) = preSolution
		HideSolutionNode = FALSE
	EndGlobalSection
	GlobalSection(ExtensibilityGlobals) = postSolution
		SolutionGuid = {B0A6DF10-944C-415C-AE50-FE77D41772E7}
	EndGlobalSection
EndGlobal
